{
  "name": "wow-addon-calendarexport",
  "version": "1.0.0",
  "lockfileVersion": 1,
  "requires": true,
  "dependencies": {
    "@prettier/plugin-lua": {
      "version": "0.0.1",
      "resolved": "https://registry.npmjs.org/@prettier/plugin-lua/-/plugin-lua-0.0.1.tgz",
      "integrity": "sha512-fZ6hUPKfZq3KY4zWSQpdvPrbi1LtxPXJvFJYMJHxt8HxRyyySlFWspKhgcIdlaZ1EL3cMyP2muPvvDpM7GbyBQ==",
      "dev": true,
      "requires": {
        "luaparse": "0.2.1"
      }
    },
    "luaparse": {
      "version": "0.2.1",
      "resolved": "https://registry.npmjs.org/luaparse/-/luaparse-0.2.1.tgz",
      "integrity": "sha1-qo9WEysN6X0388mRqd9C4OF/ZWw=",
      "dev": true
    },
    "prettier": {
      "version": "1.18.2",
      "resolved": "https://registry.npmjs.org/prettier/-/prettier-1.18.2.tgz",
      "integrity": "sha512-OeHeMc0JhFE9idD4ZdtNibzY0+TPHSpSSb9h8FqtP+YnoZZ1sl8Vc9b1sasjfymH3SonAF4QcA2+mzHPhMvIiw==",
      "dev": true
    }
  }
}
